
Microsoft Visual Studio Solution File, Format Version 12.00
# Visual Studio Version 16
VisualStudioVersion = 16.0.29728.190
MinimumVisualStudioVersion = 10.0.40219.1
Project("{FAE04EC0-301F-11D3-BF4B-00C04F79EFBC}") = "RobotApp", "RobotApp\RobotApp.csproj", "{DA3FECFC-BC01-4F16-BB9F-401711DF7245}"
EndProject
Project("{FAE04EC0-301F-11D3-BF4B-00C04F79EFBC}") = "Enums", "Enums\Enums.csproj", "{469E4B02-5DC9-4E28-9266-43BAC32A86E6}"
EndProject
Project("{FAE04EC0-301F-11D3-BF4B-00C04F79EFBC}") = "Coordinate", "Coordinate\Coordinate.csproj", "{06D2A716-D70A-4513-8284-EA9540A61635}"
EndProject
Project("{FAE04EC0-301F-11D3-BF4B-00C04F79EFBC}") = "Planet", "Planet\Planet.csproj", "{CEF2927D-2807-4E41-9CA1-628089D84F9B}"
EndProject
Project("{FAE04EC0-301F-11D3-BF4B-00C04F79EFBC}") = "Robot", "Robot\Robot.csproj", "{C62B3390-68B6-4B7E-B975-87FA8024648F}"
EndProject
Project("{FAE04EC0-301F-11D3-BF4B-00C04F79EFBC}") = "UserInput", "UserInput\UserInput.csproj", "{386F84FB-2BD6-4439-A00C-FEA619214B45}"
EndProject
Project("{FAE04EC0-301F-11D3-BF4B-00C04F79EFBC}") = "UserInput.Tests", "UserInput.Tests\UserInput.Tests.csproj", "{756556A8-69CC-45FB-8273-FEE69974E822}"
EndProject
Global
	GlobalSection(SolutionConfigurationPlatforms) = preSolution
		Debug|Any CPU = Debug|Any CPU
		Release|Any CPU = Release|Any CPU
	EndGlobalSection
	GlobalSection(ProjectConfigurationPlatforms) = postSolution
		{DA3FECFC-BC01-4F16-BB9F-401711DF7245}.Debug|Any CPU.ActiveCfg = Debug|Any CPU
		{DA3FECFC-BC01-4F16-BB9F-401711DF7245}.Debug|Any CPU.Build.0 = Debug|Any CPU
		{DA3FECFC-BC01-4F16-BB9F-401711DF7245}.Release|Any CPU.ActiveCfg = Release|Any CPU
		{DA3FECFC-BC01-4F16-BB9F-401711DF7245}.Release|Any CPU.Build.0 = Release|Any CPU
		{469E4B02-5DC9-4E28-9266-43BAC32A86E6}.Debug|Any CPU.ActiveCfg = Debug|Any CPU
		{469E4B02-5DC9-4E28-9266-43BAC32A86E6}.Debug|Any CPU.Build.0 = Debug|Any CPU
		{469E4B02-5DC9-4E28-9266-43BAC32A86E6}.Release|Any CPU.ActiveCfg = Release|Any CPU
		{469E4B02-5DC9-4E28-9266-43BAC32A86E6}.Release|Any CPU.Build.0 = Release|Any CPU
		{06D2A716-D70A-4513-8284-EA9540A61635}.Debug|Any CPU.ActiveCfg = Debug|Any CPU
		{06D2A716-D70A-4513-8284-EA9540A61635}.Debug|Any CPU.Build.0 = Debug|Any CPU
		{06D2A716-D70A-4513-8284-EA9540A61635}.Release|Any CPU.ActiveCfg = Release|Any CPU
		{06D2A716-D70A-4513-8284-EA9540A61635}.Release|Any CPU.Build.0 = Release|Any CPU
		{CEF2927D-2807-4E41-9CA1-628089D84F9B}.Debug|Any CPU.ActiveCfg = Debug|Any CPU
		{CEF2927D-2807-4E41-9CA1-628089D84F9B}.Debug|Any CPU.Build.0 = Debug|Any CPU
		{CEF2927D-2807-4E41-9CA1-628089D84F9B}.Release|Any CPU.ActiveCfg = Release|Any CPU
		{CEF2927D-2807-4E41-9CA1-628089D84F9B}.Release|Any CPU.Build.0 = Release|Any CPU
		{C62B3390-68B6-4B7E-B975-87FA8024648F}.Debug|Any CPU.ActiveCfg = Debug|Any CPU
		{C62B3390-68B6-4B7E-B975-87FA8024648F}.Debug|Any CPU.Build.0 = Debug|Any CPU
		{C62B3390-68B6-4B7E-B975-87FA8024648F}.Release|Any CPU.ActiveCfg = Release|Any CPU
		{C62B3390-68B6-4B7E-B975-87FA8024648F}.Release|Any CPU.Build.0 = Release|Any CPU
		{386F84FB-2BD6-4439-A00C-FEA619214B45}.Debug|Any CPU.ActiveCfg = Debug|Any CPU
		{386F84FB-2BD6-4439-A00C-FEA619214B45}.Debug|Any CPU.Build.0 = Debug|Any CPU
		{386F84FB-2BD6-4439-A00C-FEA619214B45}.Release|Any CPU.ActiveCfg = Release|Any CPU
		{386F84FB-2BD6-4439-A00C-FEA619214B45}.Release|Any CPU.Build.0 = Release|Any CPU
		{756556A8-69CC-45FB-8273-FEE69974E822}.Debug|Any CPU.ActiveCfg = Debug|Any CPU
		{756556A8-69CC-45FB-8273-FEE69974E822}.Debug|Any CPU.Build.0 = Debug|Any CPU
		{756556A8-69CC-45FB-8273-FEE69974E822}.Release|Any CPU.ActiveCfg = Release|Any CPU
		{756556A8-69CC-45FB-8273-FEE69974E822}.Release|Any CPU.Build.0 = Release|Any CPU
	EndGlobalSection
	GlobalSection(SolutionProperties) = preSolution
		HideSolutionNode = FALSE
	EndGlobalSection
	GlobalSection(ExtensibilityGlobals) = postSolution
		SolutionGuid = {C62EEA25-269D-4311-993A-FA263F85F4B0}
	EndGlobalSection
EndGlobal
